
Microsoft Visual Studio Solution File, Format Version 12.00
# Visual Studio Version 16
VisualStudioVersion = 16.0.30711.63
MinimumVisualStudioVersion = 10.0.40219.1
Project("{FAE04EC0-301F-11D3-BF4B-00C04F79EFBC}") = "Elasticsearch.Demo", "Elasticsearch.Demo\Elasticsearch.Demo.csproj", "{A98644B7-70DA-4645-A785-AC7D5C5EA020}"
EndProject
Global
	GlobalSection(SolutionConfigurationPlatforms) = preSolution
		Debug|Any CPU = Debug|Any CPU
		Release|Any CPU = Release|Any CPU
	EndGlobalSection
	GlobalSection(ProjectConfigurationPlatforms) = postSolution
		{A98644B7-70DA-4645-A785-AC7D5C5EA020}.Debug|Any CPU.ActiveCfg = Debug|Any CPU
		{A98644B7-70DA-4645-A785-AC7D5C5EA020}.Debug|Any CPU.Build.0 = Debug|Any CPU
		{A98644B7-70DA-4645-A785-AC7D5C5EA020}.Release|Any CPU.ActiveCfg = Release|Any CPU
		{A98644B7-70DA-4645-A785-AC7D5C5EA020}.Release|Any CPU.Build.0 = Release|Any CPU
	EndGlobalSection
	GlobalSection(SolutionProperties) = preSolution
		HideSolutionNode = FALSE
	EndGlobalSection
	GlobalSection(ExtensibilityGlobals) = postSolution
		SolutionGuid = {56E4A179-02BE-4CCA-911B-59B6C497B88D}
	EndGlobalSection
EndGlobal
